// !$*UTF8*$!
{
	archiveVersion = 1;
	classes = {
	};
	objectVersion = 50;
	objects = {

/* Begin PBXBuildFile section */
		370D53F726BA4A140051D233 /* scrumdingerApp.swift in Sources */ = {isa = PBXBuildFile; fileRef = 370D53F626BA4A140051D233 /* scrumdingerApp.swift */; };
		370D53F926BA4A140051D233 /* MeetingView.swift in Sources */ = {isa = PBXBuildFile; fileRef = 370D53F826BA4A140051D233 /* MeetingView.swift */; };
		370D53FB26BA4A150051D233 /* Assets.xcassets in Resources */ = {isa = PBXBuildFile; fileRef = 370D53FA26BA4A150051D233 /* Assets.xcassets */; };
		370D53FE26BA4A150051D233 /* Preview Assets.xcassets in Resources */ = {isa = PBXBuildFile; fileRef = 370D53FD26BA4A150051D233 /* Preview Assets.xcassets */; };
		370D540826BA524F0051D233 /* DailyScrum.swift in Sources */ = {isa = PBXBuildFile; fileRef = 370D540726BA524F0051D233 /* DailyScrum.swift */; };
		370D540A26BA53880051D233 /* CardView.swift in Sources */ = {isa = PBXBuildFile; fileRef = 370D540926BA53880051D233 /* CardView.swift */; };
		3715CDCD26BA7A9D00008BF3 /* ColourModel.swift in Sources */ = {isa = PBXBuildFile; fileRef = 3715CDCC26BA7A9D00008BF3 /* ColourModel.swift */; };
		3715CDCF26BA7D5900008BF3 /* ScrumsView.swift in Sources */ = {isa = PBXBuildFile; fileRef = 3715CDCE26BA7D5900008BF3 /* ScrumsView.swift */; };
		3715CDD126BA879500008BF3 /* DetailView.swift in Sources */ = {isa = PBXBuildFile; fileRef = 3715CDD026BA879500008BF3 /* DetailView.swift */; };
		37D6F69C26BBBA36008A6DDE /* EditView.swift in Sources */ = {isa = PBXBuildFile; fileRef = 37D6F69B26BBBA36008A6DDE /* EditView.swift */; };
/* End PBXBuildFile section */

/* Begin PBXFileReference section */
		370D53F326BA4A140051D233 /* scrumdinger.app */ = {isa = PBXFileReference; explicitFileType = wrapper.application; includeInIndex = 0; path = scrumdinger.app; sourceTree = BUILT_PRODUCTS_DIR; };
		370D53F626BA4A140051D233 /* scrumdingerApp.swift */ = {isa = PBXFileReference; lastKnownFileType = sourcecode.swift; path = scrumdingerApp.swift; sourceTree = "<group>"; };
		370D53F826BA4A140051D233 /* MeetingView.swift */ = {isa = PBXFileReference; lastKnownFileType = sourcecode.swift; path = MeetingView.swift; sourceTree = "<group>"; };
		370D53FA26BA4A150051D233 /* Assets.xcassets */ = {isa = PBXFileReference; lastKnownFileType = folder.assetcatalog; path = Assets.xcassets; sourceTree = "<group>"; };
		370D53FD26BA4A150051D233 /* Preview Assets.xcassets */ = {isa = PBXFileReference; lastKnownFileType = folder.assetcatalog; path = "Preview Assets.xcassets"; sourceTree = "<group>"; };
		370D53FF26BA4A150051D233 /* Info.plist */ = {isa = PBXFileReference; lastKnownFileType = text.plist.xml; path = Info.plist; sourceTree = "<group>"; };
		370D540726BA524F0051D233 /* DailyScrum.swift */ = {isa = PBXFileReference; lastKnownFileType = sourcecode.swift; path = DailyScrum.swift; sourceTree = "<group>"; };
		370D540926BA53880051D233 /* CardView.swift */ = {isa = PBXFileReference; lastKnownFileType = sourcecode.swift; path = CardView.swift; sourceTree = "<group>"; };
		3715CDCC26BA7A9D00008BF3 /* ColourModel.swift */ = {isa = PBXFileReference; lastKnownFileType = sourcecode.swift; path = ColourModel.swift; sourceTree = "<group>"; };
		3715CDCE26BA7D5900008BF3 /* ScrumsView.swift */ = {isa = PBXFileReference; lastKnownFileType = sourcecode.swift; path = ScrumsView.swift; sourceTree = "<group>"; };
		3715CDD026BA879500008BF3 /* DetailView.swift */ = {isa = PBXFileReference; lastKnownFileType = sourcecode.swift; path = DetailView.swift; sourceTree = "<group>"; };
		37D6F69B26BBBA36008A6DDE /* EditView.swift */ = {isa = PBXFileReference; lastKnownFileType = sourcecode.swift; path = EditView.swift; sourceTree = "<group>"; };
/* End PBXFileReference section */

/* Begin PBXFrameworksBuildPhase section */
		370D53F026BA4A140051D233 /* Frameworks */ = {
			isa = PBXFrameworksBuildPhase;
			buildActionMask = 2147483647;
			files = (
			);
			runOnlyForDeploymentPostprocessing = 0;
		};
/* End PBXFrameworksBuildPhase section */

/* Begin PBXGroup section */
		370D53EA26BA4A140051D233 = {
			isa = PBXGroup;
			children = (
				370D53F526BA4A140051D233 /* scrumdinger */,
				370D53F426BA4A140051D233 /* Products */,
			);
			sourceTree = "<group>";
		};
		370D53F426BA4A140051D233 /* Products */ = {
			isa = PBXGroup;
			children = (
				370D53F326BA4A140051D233 /* scrumdinger.app */,
			);
			name = Products;
			sourceTree = "<group>";
		};
		370D53F526BA4A140051D233 /* scrumdinger */ = {
			isa = PBXGroup;
			children = (
				370D53F626BA4A140051D233 /* scrumdingerApp.swift */,
				370D53F826BA4A140051D233 /* MeetingView.swift */,
				370D53FA26BA4A150051D233 /* Assets.xcassets */,
				3715CDCB26BA7A8E00008BF3 /* Models */,
				370D53FF26BA4A150051D233 /* Info.plist */,
				370D53FC26BA4A150051D233 /* Preview Content */,
				370D540726BA524F0051D233 /* DailyScrum.swift */,
				37D6F69B26BBBA36008A6DDE /* EditView.swift */,
				370D540926BA53880051D233 /* CardView.swift */,
				3715CDCE26BA7D5900008BF3 /* ScrumsView.swift */,
				3715CDD026BA879500008BF3 /* DetailView.swift */,
			);
			path = scrumdinger;
			sourceTree = "<group>";
		};
		370D53FC26BA4A150051D233 /* Preview Content */ = {
			isa = PBXGroup;
			children = (
				370D53FD26BA4A150051D233 /* Preview Assets.xcassets */,
			);
			path = "Preview Content";
			sourceTree = "<group>";
		};
		3715CDCB26BA7A8E00008BF3 /* Models */ = {
			isa = PBXGroup;
			children = (
				3715CDCC26BA7A9D00008BF3 /* ColourModel.swift */,
			);
			path = Models;
			sourceTree = "<group>";
		};
/* End PBXGroup section */

/* Begin PBXNativeTarget section */
		370D53F226BA4A140051D233 /* scrumdinger */ = {
			isa = PBXNativeTarget;
			buildConfigurationList = 370D540226BA4A150051D233 /* Build configuration list for PBXNativeTarget "scrumdinger" */;
			buildPhases = (
				370D53EF26BA4A140051D233 /* Sources */,
				370D53F026BA4A140051D233 /* Frameworks */,
				370D53F126BA4A140051D233 /* Resources */,
			);
			buildRules = (
			);
			dependencies = (
			);
			name = scrumdinger;
			productName = scrumdinger;
			productReference = 370D53F326BA4A140051D233 /* scrumdinger.app */;
			productType = "com.apple.product-type.application";
		};
/* End PBXNativeTarget section */

/* Begin PBXProject section */
		370D53EB26BA4A140051D233 /* Project object */ = {
			isa = PBXProject;
			attributes = {
				LastSwiftUpdateCheck = 1250;
				LastUpgradeCheck = 1250;
				TargetAttributes = {
					370D53F226BA4A140051D233 = {
						CreatedOnToolsVersion = 12.5.1;
					};
				};
			};
			buildConfigurationList = 370D53EE26BA4A140051D233 /* Build configuration list for PBXProject "scrumdinger" */;
			compatibilityVersion = "Xcode 9.3";
			developmentRegion = en;
			hasScannedForEncodings = 0;
			knownRegions = (
				en,
				Base,
			);
			mainGroup = 370D53EA26BA4A140051D233;
			productRefGroup = 370D53F426BA4A140051D233 /* Products */;
			projectDirPath = "";
			projectRoot = "";
			targets = (
				370D53F226BA4A140051D233 /* scrumdinger */,
			);
		};
/* End PBXProject section */

/* Begin PBXResourcesBuildPhase section */
		370D53F126BA4A140051D233 /* Resources */ = {
			isa = PBXResourcesBuildPhase;
			buildActionMask = 2147483647;
			files = (
				370D53FE26BA4A150051D233 /* Preview Assets.xcassets in Resources */,
				370D53FB26BA4A150051D233 /* Assets.xcassets in Resources */,
			);
			runOnlyForDeploymentPostprocessing = 0;
		};
/* End PBXResourcesBuildPhase section */

/* Begin PBXSourcesBuildPhase section */
		370D53EF26BA4A140051D233 /* Sources */ = {
			isa = PBXSourcesBuildPhase;
			buildActionMask = 2147483647;
			files = (
				370D53F926BA4A140051D233 /* MeetingView.swift in Sources */,
				3715CDCF26BA7D5900008BF3 /* ScrumsView.swift in Sources */,
				37D6F69C26BBBA36008A6DDE /* EditView.swift in Sources */,
				370D540826BA524F0051D233 /* DailyScrum.swift in Sources */,
				3715CDD126BA879500008BF3 /* DetailView.swift in Sources */,
				370D540A26BA53880051D233 /* CardView.swift in Sources */,
				370D53F726BA4A140051D233 /* scrumdingerApp.swift in Sources */,
				3715CDCD26BA7A9D00008BF3 /* ColourModel.swift in Sources */,
			);
			runOnlyForDeploymentPostprocessing = 0;
		};
/* End PBXSourcesBuildPhase section */

/* Begin XCBuildConfiguration section */
		370D540026BA4A150051D233 /* Debug */ = {
			isa = XCBuildConfiguration;
			buildSettings = {
				ALWAYS_SEARCH_USER_PATHS = NO;
				CLANG_ANALYZER_NONNULL = YES;
				CLANG_ANALYZER_NUMBER_OBJECT_CONVERSION = YES_AGGRESSIVE;
				CLANG_CXX_LANGUAGE_STANDARD = "gnu++14";
				CLANG_CXX_LIBRARY = "libc++";
				CLANG_ENABLE_MODULES = YES;
				CLANG_ENABLE_OBJC_ARC = YES;
				CLANG_ENABLE_OBJC_WEAK = YES;
				CLANG_WARN_BLOCK_CAPTURE_AUTORELEASING = YES;
				CLANG_WARN_BOOL_CONVERSION = YES;
				CLANG_WARN_COMMA = YES;
				CLANG_WARN_CONSTANT_CONVERSION = YES;
				CLANG_WARN_DEPRECATED_OBJC_IMPLEMENTATIONS = YES;
				CLANG_WARN_DIRECT_OBJC_ISA_USAGE = YES_ERROR;
				CLANG_WARN_DOCUMENTATION_COMMENTS = YES;
				CLANG_WARN_EMPTY_BODY = YES;
				CLANG_WARN_ENUM_CONVERSION = YES;
				CLANG_WARN_INFINITE_RECURSION = YES;
				CLANG_WARN_INT_CONVERSION = YES;
				CLANG_WARN_NON_LITERAL_NULL_CONVERSION = YES;
				CLANG_WARN_OBJC_IMPLICIT_RETAIN_SELF = YES;
				CLANG_WARN_OBJC_LITERAL_CONVERSION = YES;
				CLANG_WARN_OBJC_ROOT_CLASS = YES_ERROR;
				CLANG_WARN_QUOTED_INCLUDE_IN_FRAMEWORK_HEADER = YES;
				CLANG_WARN_RANGE_LOOP_ANALYSIS = YES;
				CLANG_WARN_STRICT_PROTOTYPES = YES;
				CLANG_WARN_SUSPICIOUS_MOVE = YES;
				CLANG_WARN_UNGUARDED_AVAILABILITY = YES_AGGRESSIVE;
				CLANG_WARN_UNREACHABLE_CODE = YES;
				CLANG_WARN__DUPLICATE_METHOD_MATCH = YES;
				COPY_PHASE_STRIP = NO;
				DEBUG_INFORMATION_FORMAT = dwarf;
				ENABLE_STRICT_OBJC_MSGSEND = YES;
				ENABLE_TESTABILITY = YES;
				GCC_C_LANGUAGE_STANDARD = gnu11;
				GCC_DYNAMIC_NO_PIC = NO;
				GCC_NO_COMMON_BLOCKS = YES;
				GCC_OPTIMIZATION_LEVEL = 0;
				GCC_PREPROCESSOR_DEFINITIONS = (
					"DEBUG=1",
					"$(inherited)",
				);
				GCC_WARN_64_TO_32_BIT_CONVERSION = YES;
				GCC_WARN_ABOUT_RETURN_TYPE = YES_ERROR;
				GCC_WARN_UNDECLARED_SELECTOR = YES;
				GCC_WARN_UNINITIALIZED_AUTOS = YES_AGGRESSIVE;
				GCC_WARN_UNUSED_FUNCTION = YES;
				GCC_WARN_UNUSED_VARIABLE = YES;
				IPHONEOS_DEPLOYMENT_TARGET = 14.5;
				MTL_ENABLE_DEBUG_INFO = INCLUDE_SOURCE;
				MTL_FAST_MATH = YES;
				ONLY_ACTIVE_ARCH = YES;
				SDKROOT = iphoneos;
				SWIFT_ACTIVE_COMPILATION_CONDITIONS = DEBUG;
				SWIFT_OPTIMIZATION_LEVEL = "-Onone";
			};
			name = Debug;
		};
		370D540126BA4A150051D233 /* Release */ = {
			isa = XCBuildConfiguration;
			buildSettings = {
				ALWAYS_SEARCH_USER_PATHS = NO;
				CLANG_ANALYZER_NONNULL = YES;
				CLANG_ANALYZER_NUMBER_OBJECT_CONVERSION = YES_AGGRESSIVE;
				CLANG_CXX_LANGUAGE_STANDARD = "gnu++14";
				CLANG_CXX_LIBRARY = "libc++";
				CLANG_ENABLE_MODULES = YES;
				CLANG_ENABLE_OBJC_ARC = YES;
				CLANG_ENABLE_OBJC_WEAK = YES;
				CLANG_WARN_BLOCK_CAPTURE_AUTORELEASING = YES;
				CLANG_WARN_BOOL_CONVERSION = YES;
				CLANG_WARN_COMMA = YES;
				CLANG_WARN_CONSTANT_CONVERSION = YES;
				CLANG_WARN_DEPRECATED_OBJC_IMPLEMENTATIONS = YES;
				CLANG_WARN_DIRECT_OBJC_ISA_USAGE = YES_ERROR;
				CLANG_WARN_DOCUMENTATION_COMMENTS = YES;
				CLANG_WARN_EMPTY_BODY = YES;
				CLANG_WARN_ENUM_CONVERSION = YES;
				CLANG_WARN_INFINITE_RECURSION = YES;
				CLANG_WARN_INT_CONVERSION = YES;
				CLANG_WARN_NON_LITERAL_NULL_CONVERSION = YES;
				CLANG_WARN_OBJC_IMPLICIT_RETAIN_SELF = YES;
				CLANG_WARN_OBJC_LITERAL_CONVERSION = YES;
				CLANG_WARN_OBJC_ROOT_CLASS = YES_ERROR;
				CLANG_WARN_QUOTED_INCLUDE_IN_FRAMEWORK_HEADER = YES;
				CLANG_WARN_RANGE_LOOP_ANALYSIS = YES;
				CLANG_WARN_STRICT_PROTOTYPES = YES;
				CLANG_WARN_SUSPICIOUS_MOVE = YES;
				CLANG_WARN_UNGUARDED_AVAILABILITY = YES_AGGRESSIVE;
				CLANG_WARN_UNREACHABLE_CODE = YES;
				CLANG_WARN__DUPLICATE_METHOD_MATCH = YES;
				COPY_PHASE_STRIP = NO;
				DEBUG_INFORMATION_FORMAT = "dwarf-with-dsym";
				ENABLE_NS_ASSERTIONS = NO;
				ENABLE_STRICT_OBJC_MSGSEND = YES;
				GCC_C_LANGUAGE_STANDARD = gnu11;
				GCC_NO_COMMON_BLOCKS = YES;
				GCC_WARN_64_TO_32_BIT_CONVERSION = YES;
				GCC_WARN_ABOUT_RETURN_TYPE = YES_ERROR;
				GCC_WARN_UNDECLARED_SELECTOR = YES;
				GCC_WARN_UNINITIALIZED_AUTOS = YES_AGGRESSIVE;
				GCC_WARN_UNUSED_FUNCTION = YES;
				GCC_WARN_UNUSED_VARIABLE = YES;
				IPHONEOS_DEPLOYMENT_TARGET = 14.5;
				MTL_ENABLE_DEBUG_INFO = NO;
				MTL_FAST_MATH = YES;
				SDKROOT = iphoneos;
				SWIFT_COMPILATION_MODE = wholemodule;
				SWIFT_OPTIMIZATION_LEVEL = "-O";
				VALIDATE_PRODUCT = YES;
			};
			name = Release;
		};
		370D540326BA4A150051D233 /* Debug */ = {
			isa = XCBuildConfiguration;
			buildSettings = {
				ASSETCATALOG_COMPILER_APPICON_NAME = AppIcon;
				ASSETCATALOG_COMPILER_GLOBAL_ACCENT_COLOR_NAME = AccentColor;
				CODE_SIGN_STYLE = Automatic;
				DEVELOPMENT_ASSET_PATHS = "\"scrumdinger/Preview Content\"";
				DEVELOPMENT_TEAM = 337P2TAY45;
				ENABLE_PREVIEWS = YES;
				INFOPLIST_FILE = scrumdinger/Info.plist;
				IPHONEOS_DEPLOYMENT_TARGET = 14.0;
				LD_RUNPATH_SEARCH_PATHS = (
					"$(inherited)",
					"@executable_path/Frameworks",
				);
				PRODUCT_BUNDLE_IDENTIFIER = jasperSwift.scrumdinger;
				PRODUCT_NAME = "$(TARGET_NAME)";
				SWIFT_VERSION = 5.0;
				TARGETED_DEVICE_FAMILY = "1,2";
			};
			name = Debug;
		};
		370D540426BA4A150051D233 /* Release */ = {
			isa = XCBuildConfiguration;
			buildSettings = {
				ASSETCATALOG_COMPILER_APPICON_NAME = AppIcon;
				ASSETCATALOG_COMPILER_GLOBAL_ACCENT_COLOR_NAME = AccentColor;
				CODE_SIGN_STYLE = Automatic;
				DEVELOPMENT_ASSET_PATHS = "\"scrumdinger/Preview Content\"";
				DEVELOPMENT_TEAM = 337P2TAY45;
				ENABLE_PREVIEWS = YES;
				INFOPLIST_FILE = scrumdinger/Info.plist;
				IPHONEOS_DEPLOYMENT_TARGET = 14.0;
				LD_RUNPATH_SEARCH_PATHS = (
					"$(inherited)",
					"@executable_path/Frameworks",
				);
				PRODUCT_BUNDLE_IDENTIFIER = jasperSwift.scrumdinger;
				PRODUCT_NAME = "$(TARGET_NAME)";
				SWIFT_VERSION = 5.0;
				TARGETED_DEVICE_FAMILY = "1,2";
			};
			name = Release;
		};
/* End XCBuildConfiguration section */

/* Begin XCConfigurationList section */
		370D53EE26BA4A140051D233 /* Build configuration list for PBXProject "scrumdinger" */ = {
			isa = XCConfigurationList;
			buildConfigurations = (
				370D540026BA4A150051D233 /* Debug */,
				370D540126BA4A150051D233 /* Release */,
			);
			defaultConfigurationIsVisible = 0;
			defaultConfigurationName = Release;
		};
		370D540226BA4A150051D233 /* Build configuration list for PBXNativeTarget "scrumdinger" */ = {
			isa = XCConfigurationList;
			buildConfigurations = (
				370D540326BA4A150051D233 /* Debug */,
				370D540426BA4A150051D233 /* Release */,
			);
			defaultConfigurationIsVisible = 0;
			defaultConfigurationName = Release;
		};
/* End XCConfigurationList section */
	};
	rootObject = 370D53EB26BA4A140051D233 /* Project object */;
}
